<Solution>
  <Folder Name="/src/">
    <Project Path="src/Companion.Core/Companion.Core.csproj" />
    <Project Path="src/Companion.Desktop/Companion.Desktop.csproj" />
  </Folder>
  <Folder Name="/tests/">
    <Project Path="tests/Companion.Core.Tests/Companion.Core.Tests.csproj" />
  </Folder>
</Solution>
